
Microsoft Visual Studio Solution File, Format Version 12.00
# Visual Studio 15
VisualStudioVersion = 15.0.27703.2042
MinimumVisualStudioVersion = 10.0.40219.1
Project("{9A19103F-16F7-4668-BE54-9A1E7A4F7556}") = "MakinaPark", "MakinaPark\MakinaPark.csproj", "{51E7308E-7A39-4169-AFB5-34C070187862}"
EndProject
Global
	GlobalSection(SolutionConfigurationPlatforms) = preSolution
		Debug|Any CPU = Debug|Any CPU
		Release|Any CPU = Release|Any CPU
	EndGlobalSection
	GlobalSection(ProjectConfigurationPlatforms) = postSolution
		{51E7308E-7A39-4169-AFB5-34C070187862}.Debug|Any CPU.ActiveCfg = Debug|Any CPU
		{51E7308E-7A39-4169-AFB5-34C070187862}.Debug|Any CPU.Build.0 = Debug|Any CPU
		{51E7308E-7A39-4169-AFB5-34C070187862}.Release|Any CPU.ActiveCfg = Release|Any CPU
		{51E7308E-7A39-4169-AFB5-34C070187862}.Release|Any CPU.Build.0 = Release|Any CPU
	EndGlobalSection
	GlobalSection(SolutionProperties) = preSolution
		HideSolutionNode = FALSE
	EndGlobalSection
	GlobalSection(ExtensibilityGlobals) = postSolution
		SolutionGuid = {E6F48F54-415D-495B-A6A5-EC791D896A35}
	EndGlobalSection
EndGlobal
